# This file is automatically @generated by Cargo.
# It is not intended for manual editing.
version = 3

[[package]]
name = "atomic-polyfill"
version = "1.0.2"
source = "registry+https://github.com/rust-lang/crates.io-index"
checksum = "c314e70d181aa6053b26e3f7fbf86d1dfff84f816a6175b967666b3506ef7289"
dependencies = [
 "critical-section",
]

[[package]]
name = "atomic_refcell"
version = "0.1.9"
source = "registry+https://github.com/rust-lang/crates.io-index"
checksum = "857253367827bd9d0fd973f0ef15506a96e79e41b0ad7aa691203a4e3214f6c8"

[[package]]
name = "autocfg"
version = "1.1.0"
source = "registry+https://github.com/rust-lang/crates.io-index"
checksum = "d468802bab17cbc0cc575e9b053f41e72aa36bfa6b7f55e3529ffa43161b97fa"

[[package]]
name = "bit_field"
version = "0.10.2"
source = "registry+https://github.com/rust-lang/crates.io-index"
checksum = "dc827186963e592360843fb5ba4b973e145841266c1357f7180c43526f2e5b61"

[[package]]
name = "bitalloc"
version = "0.1.0"

[[package]]
name = "bitflags"
version = "1.3.2"
source = "registry+https://github.com/rust-lang/crates.io-index"
checksum = "bef38d45163c2f1dde094a7dfd33ccf595c92905c8f8f4fdc18d06fb1037718a"

[[package]]
name = "bootloader_api"
version = "0.11.3"
source = "registry+https://github.com/rust-lang/crates.io-index"
checksum = "19c9d143f231f95e18d3907023e4a8e6a3cbebb7b09ce7da4774a17edf4cce6d"

[[package]]
name = "cfg-if"
version = "1.0.0"
source = "registry+https://github.com/rust-lang/crates.io-index"
checksum = "baf1de4339761588bc0619e3cbc0120ee582ebb74b53b4efbf79117bd2da40fd"

[[package]]
name = "critical-section"
version = "1.1.1"
source = "registry+https://github.com/rust-lang/crates.io-index"
checksum = "6548a0ad5d2549e111e1f6a11a6c2e2d00ce6a3dafe22948d67c2b443f775e52"

[[package]]
name = "crossbeam"
version = "0.8.2"
source = "registry+https://github.com/rust-lang/crates.io-index"
checksum = "2801af0d36612ae591caa9568261fddce32ce6e08a7275ea334a06a4ad021a2c"
dependencies = [
 "cfg-if",
 "crossbeam-epoch",
 "crossbeam-queue",
 "crossbeam-utils",
]

[[package]]
name = "crossbeam-epoch"
version = "0.9.14"
source = "registry+https://github.com/rust-lang/crates.io-index"
checksum = "46bd5f3f85273295a9d14aedfb86f6aadbff6d8f5295c4a9edb08e819dcf5695"
dependencies = [
 "autocfg",
 "cfg-if",
 "crossbeam-utils",
 "memoffset",
 "scopeguard",
]

[[package]]
name = "crossbeam-queue"
version = "0.3.8"
source = "registry+https://github.com/rust-lang/crates.io-index"
checksum = "d1cfb3ea8a53f37c40dea2c7bedcbd88bdfae54f5e2175d6ecaff1c988353add"
dependencies = [
 "cfg-if",
 "crossbeam-utils",
]

[[package]]
name = "crossbeam-utils"
version = "0.8.15"
source = "registry+https://github.com/rust-lang/crates.io-index"
checksum = "3c063cd8cc95f5c377ed0d4b49a4b21f632396ff690e8470c29b3359b346984b"
dependencies = [
 "cfg-if",
]

[[package]]
name = "framed"
version = "0.1.0"

[[package]]
name = "futures"
version = "0.3.28"
source = "registry+https://github.com/rust-lang/crates.io-index"
checksum = "23342abe12aba583913b2e62f22225ff9c950774065e4bfb61a19cd9770fec40"
dependencies = [
 "futures-channel",
 "futures-core",
 "futures-io",
 "futures-sink",
 "futures-task",
 "futures-util",
]

[[package]]
name = "futures-channel"
version = "0.3.28"
source = "registry+https://github.com/rust-lang/crates.io-index"
checksum = "955518d47e09b25bbebc7a18df10b81f0c766eaf4c4f1cccef2fca5f2a4fb5f2"
dependencies = [
 "futures-core",
 "futures-sink",
]

[[package]]
name = "futures-core"
version = "0.3.28"
source = "registry+https://github.com/rust-lang/crates.io-index"
checksum = "4bca583b7e26f571124fe5b7561d49cb2868d79116cfa0eefce955557c6fee8c"

[[package]]
name = "futures-io"
version = "0.3.28"
source = "registry+https://github.com/rust-lang/crates.io-index"
checksum = "4fff74096e71ed47f8e023204cfd0aa1289cd54ae5430a9523be060cdb849964"

[[package]]
name = "futures-macro"
version = "0.3.28"
source = "registry+https://github.com/rust-lang/crates.io-index"
checksum = "89ca545a94061b6365f2c7355b4b32bd20df3ff95f02da9329b34ccc3bd6ee72"
dependencies = [
 "proc-macro2",
 "quote",
 "syn 2.0.15",
]

[[package]]
name = "futures-sink"
version = "0.3.28"
source = "registry+https://github.com/rust-lang/crates.io-index"
checksum = "f43be4fe21a13b9781a69afa4985b0f6ee0e1afab2c6f454a8cf30e2b2237b6e"

[[package]]
name = "futures-task"
version = "0.3.28"
source = "registry+https://github.com/rust-lang/crates.io-index"
checksum = "76d3d132be6c0e6aa1534069c705a74a5997a356c0dc2f86a47765e5617c5b65"

[[package]]
name = "futures-util"
version = "0.3.28"
source = "registry+https://github.com/rust-lang/crates.io-index"
checksum = "26b01e40b772d54cf6c6d721c1d1abd0647a0106a12ecaa1c186273392a69533"
dependencies = [
 "futures-core",
 "futures-macro",
 "futures-sink",
 "futures-task",
 "pin-project-lite",
 "pin-utils",
]

[[package]]
name = "goblin"
version = "0.6.1"
source = "registry+https://github.com/rust-lang/crates.io-index"
checksum = "0d6b4de4a8eb6c46a8c77e1d3be942cb9a8bf073c22374578e5ba4b08ed0ff68"
dependencies = [
 "log",
 "plain",
 "scroll",
]

[[package]]
name = "kernel"
version = "0.1.0"
dependencies = [
 "atomic_refcell",
 "bootloader_api",
 "critical-section",
 "crossbeam",
 "framed",
 "futures",
 "log",
 "once_cell",
 "pc-keyboard",
 "singleton",
 "thiserror-core",
 "x64",
]

[[package]]
name = "linked_list_allocator"
version = "0.10.5"
source = "registry+https://github.com/rust-lang/crates.io-index"
checksum = "9afa463f5405ee81cdb9cc2baf37e08ec7e4c8209442b5d72c04cfb2cd6e6286"
dependencies = [
 "spinning_top",
]

[[package]]
name = "lock_api"
version = "0.4.9"
source = "registry+https://github.com/rust-lang/crates.io-index"
checksum = "435011366fe56583b16cf956f9df0095b405b82d76425bc8981c0e22e60ec4df"
dependencies = [
 "autocfg",
 "scopeguard",
]

[[package]]
name = "log"
version = "0.4.17"
source = "registry+https://github.com/rust-lang/crates.io-index"
checksum = "abb12e687cfb44aa40f41fc3978ef76448f9b6038cad6aef4259d3c095a2382e"
dependencies = [
 "cfg-if",
]

[[package]]
name = "memoffset"
version = "0.8.0"
source = "registry+https://github.com/rust-lang/crates.io-index"
checksum = "d61c719bcfbcf5d62b3a09efa6088de8c54bc0bfcd3ea7ae39fcc186108b8de1"
dependencies = [
 "autocfg",
]

[[package]]
name = "once_cell"
version = "1.17.1"
source = "registry+https://github.com/rust-lang/crates.io-index"
checksum = "b7e5500299e16ebb147ae15a00a942af264cf3688f47923b8fc2cd5858f23ad3"
dependencies = [
 "atomic-polyfill",
 "critical-section",
]

[[package]]
name = "pc-keyboard"
version = "0.5.1"
source = "registry+https://github.com/rust-lang/crates.io-index"
checksum = "5c6f2d937e3b8d63449b01401e2bae4041bc9dd1129c2e3e0d239407cf6635ac"

[[package]]
name = "pic8259"
version = "0.10.4"
source = "registry+https://github.com/rust-lang/crates.io-index"
checksum = "cb844b5b01db1e0b17938685738f113bfc903846f18932b378bc0eabfa40e194"
dependencies = [
 "x86_64",
]

[[package]]
name = "pin-project-lite"
version = "0.2.9"
source = "registry+https://github.com/rust-lang/crates.io-index"
checksum = "e0a7ae3ac2f1173085d398531c705756c94a4c56843785df85a60c1a0afac116"

[[package]]
name = "pin-utils"
version = "0.1.0"
source = "registry+https://github.com/rust-lang/crates.io-index"
checksum = "8b870d8c151b6f2fb93e84a13146138f05d02ed11c7e7c54f8826aaaf7c9f184"

[[package]]
name = "plain"
version = "0.2.3"
source = "registry+https://github.com/rust-lang/crates.io-index"
checksum = "b4596b6d070b27117e987119b4dac604f3c58cfb0b191112e24771b2faeac1a6"

[[package]]
name = "proc-macro2"
version = "1.0.56"
source = "registry+https://github.com/rust-lang/crates.io-index"
checksum = "2b63bdb0cd06f1f4dedf69b254734f9b45af66e4a031e42a7480257d9898b435"
dependencies = [
 "unicode-ident",
]

[[package]]
name = "quote"
version = "1.0.26"
source = "registry+https://github.com/rust-lang/crates.io-index"
checksum = "4424af4bf778aae2051a77b60283332f386554255d722233d09fbfc7e30da2fc"
dependencies = [
 "proc-macro2",
]

[[package]]
name = "rustversion"
version = "1.0.12"
source = "registry+https://github.com/rust-lang/crates.io-index"
checksum = "4f3208ce4d8448b3f3e7d168a73f5e0c43a61e32930de3bceeccedb388b6bf06"

[[package]]
name = "scopeguard"
version = "1.1.0"
source = "registry+https://github.com/rust-lang/crates.io-index"
checksum = "d29ab0c6d3fc0ee92fe66e2d99f700eab17a8d57d1c1d3b748380fb20baa78cd"

[[package]]
name = "scroll"
version = "0.11.0"
source = "registry+https://github.com/rust-lang/crates.io-index"
checksum = "04c565b551bafbef4157586fa379538366e4385d42082f255bfd96e4fe8519da"
dependencies = [
 "scroll_derive",
]

[[package]]
name = "scroll_derive"
version = "0.11.0"
source = "registry+https://github.com/rust-lang/crates.io-index"
checksum = "bdbda6ac5cd1321e724fa9cee216f3a61885889b896f073b8f82322789c5250e"
dependencies = [
 "proc-macro2",
 "quote",
 "syn 1.0.109",
]

[[package]]
name = "singleton"
version = "0.1.0"
dependencies = [
 "critical-section",
]

[[package]]
name = "spinning_top"
version = "0.2.5"
source = "registry+https://github.com/rust-lang/crates.io-index"
checksum = "5b9eb1a2f4c41445a3a0ff9abc5221c5fcd28e1f13cd7c0397706f9ac938ddb0"
dependencies = [
 "lock_api",
]

[[package]]
name = "syn"
version = "1.0.109"
source = "registry+https://github.com/rust-lang/crates.io-index"
checksum = "72b64191b275b66ffe2469e8af2c1cfe3bafa67b529ead792a6d0160888b4237"
dependencies = [
 "proc-macro2",
 "quote",
 "unicode-ident",
]

[[package]]
name = "syn"
version = "2.0.15"
source = "registry+https://github.com/rust-lang/crates.io-index"
checksum = "a34fcf3e8b60f57e6a14301a2e916d323af98b0ea63c599441eec8558660c822"
dependencies = [
 "proc-macro2",
 "quote",
 "unicode-ident",
]

[[package]]
name = "thiserror-core"
version = "1.0.38"
source = "registry+https://github.com/rust-lang/crates.io-index"
checksum = "0d97345f6437bb2004cd58819d8a9ef8e36cdd7661c2abc4bbde0a7c40d9f497"
dependencies = [
 "thiserror-core-impl",
]

[[package]]
name = "thiserror-core-impl"
version = "1.0.38"
source = "registry+https://github.com/rust-lang/crates.io-index"
checksum = "10ac1c5050e43014d16b2f94d0d2ce79e65ffdd8b38d8048f9c8f6a8a6da62ac"
dependencies = [
 "proc-macro2",
 "quote",
 "syn 1.0.109",
]

[[package]]
name = "unicode-ident"
version = "1.0.8"
source = "registry+https://github.com/rust-lang/crates.io-index"
checksum = "e5464a87b239f13a63a501f2701565754bae92d243d4bb7eb12f6d57d2269bf4"

[[package]]
name = "volatile"
version = "0.4.6"
source = "registry+https://github.com/rust-lang/crates.io-index"
checksum = "442887c63f2c839b346c192d047a7c87e73d0689c9157b00b53dcc27dd5ea793"

[[package]]
name = "x64"
version = "0.1.0"
dependencies = [
 "bitalloc",
 "bootloader_api",
 "critical-section",
 "goblin",
 "linked_list_allocator",
 "log",
 "once_cell",
 "pic8259",
 "singleton",
 "thiserror-core",
 "x86_64",
]

[[package]]
name = "x86_64"
version = "0.14.10"
source = "registry+https://github.com/rust-lang/crates.io-index"
checksum = "100555a863c0092238c2e0e814c1096c1e5cf066a309c696a87e907b5f8c5d69"
dependencies = [
 "bit_field",
 "bitflags",
 "rustversion",
 "volatile",
]
