# This file is automatically @generated by Cargo.
# It is not intended for manual editing.
version = 3

[[package]]
name = "atomic-polyfill"
version = "1.0.1"
source = "registry+https://github.com/rust-lang/crates.io-index"
checksum = "d299f547288d6db8d5c3a2916f7b2f66134b15b8c1ac1c4357dd3b8752af7bb2"
dependencies = [
 "critical-section",
]

[[package]]
name = "atomic_refcell"
version = "0.1.9"
source = "registry+https://github.com/rust-lang/crates.io-index"
checksum = "857253367827bd9d0fd973f0ef15506a96e79e41b0ad7aa691203a4e3214f6c8"

[[package]]
name = "autocfg"
version = "1.1.0"
source = "registry+https://github.com/rust-lang/crates.io-index"
checksum = "d468802bab17cbc0cc575e9b053f41e72aa36bfa6b7f55e3529ffa43161b97fa"

[[package]]
name = "bit_field"
version = "0.10.2"
source = "registry+https://github.com/rust-lang/crates.io-index"
checksum = "dc827186963e592360843fb5ba4b973e145841266c1357f7180c43526f2e5b61"

[[package]]
name = "bitalloc"
version = "0.1.0"

[[package]]
name = "bitflags"
version = "1.3.2"
source = "registry+https://github.com/rust-lang/crates.io-index"
checksum = "bef38d45163c2f1dde094a7dfd33ccf595c92905c8f8f4fdc18d06fb1037718a"

[[package]]
name = "bootloader_api"
version = "0.11.0"
source = "registry+https://github.com/rust-lang/crates.io-index"
checksum = "babfb07dea4565842980315ad530a023aa348db43d03dfa104a70fdaca97d48e"

[[package]]
name = "cfg-if"
version = "1.0.0"
source = "registry+https://github.com/rust-lang/crates.io-index"
checksum = "baf1de4339761588bc0619e3cbc0120ee582ebb74b53b4efbf79117bd2da40fd"

[[package]]
name = "critical-section"
version = "1.1.1"
source = "registry+https://github.com/rust-lang/crates.io-index"
checksum = "6548a0ad5d2549e111e1f6a11a6c2e2d00ce6a3dafe22948d67c2b443f775e52"

[[package]]
name = "crossbeam"
version = "0.8.2"
source = "registry+https://github.com/rust-lang/crates.io-index"
checksum = "2801af0d36612ae591caa9568261fddce32ce6e08a7275ea334a06a4ad021a2c"
dependencies = [
 "cfg-if",
 "crossbeam-epoch",
 "crossbeam-queue",
 "crossbeam-utils",
]

[[package]]
name = "crossbeam-epoch"
version = "0.9.13"
source = "registry+https://github.com/rust-lang/crates.io-index"
checksum = "01a9af1f4c2ef74bb8aa1f7e19706bc72d03598c8a570bb5de72243c7a9d9d5a"
dependencies = [
 "autocfg",
 "cfg-if",
 "crossbeam-utils",
 "memoffset",
 "scopeguard",
]

[[package]]
name = "crossbeam-queue"
version = "0.3.8"
source = "registry+https://github.com/rust-lang/crates.io-index"
checksum = "d1cfb3ea8a53f37c40dea2c7bedcbd88bdfae54f5e2175d6ecaff1c988353add"
dependencies = [
 "cfg-if",
 "crossbeam-utils",
]

[[package]]
name = "crossbeam-utils"
version = "0.8.14"
source = "registry+https://github.com/rust-lang/crates.io-index"
checksum = "4fb766fa798726286dbbb842f174001dab8abc7b627a1dd86e0b7222a95d929f"
dependencies = [
 "cfg-if",
]

[[package]]
name = "framed"
version = "0.1.0"

[[package]]
name = "futures"
version = "0.3.26"
source = "registry+https://github.com/rust-lang/crates.io-index"
checksum = "13e2792b0ff0340399d58445b88fd9770e3489eff258a4cbc1523418f12abf84"
dependencies = [
 "futures-channel",
 "futures-core",
 "futures-io",
 "futures-sink",
 "futures-task",
 "futures-util",
]

[[package]]
name = "futures-channel"
version = "0.3.26"
source = "registry+https://github.com/rust-lang/crates.io-index"
checksum = "2e5317663a9089767a1ec00a487df42e0ca174b61b4483213ac24448e4664df5"
dependencies = [
 "futures-core",
 "futures-sink",
]

[[package]]
name = "futures-core"
version = "0.3.26"
source = "registry+https://github.com/rust-lang/crates.io-index"
checksum = "ec90ff4d0fe1f57d600049061dc6bb68ed03c7d2fbd697274c41805dcb3f8608"

[[package]]
name = "futures-io"
version = "0.3.26"
source = "registry+https://github.com/rust-lang/crates.io-index"
checksum = "bfb8371b6fb2aeb2d280374607aeabfc99d95c72edfe51692e42d3d7f0d08531"

[[package]]
name = "futures-macro"
version = "0.3.26"
source = "registry+https://github.com/rust-lang/crates.io-index"
checksum = "95a73af87da33b5acf53acfebdc339fe592ecf5357ac7c0a7734ab9d8c876a70"
dependencies = [
 "proc-macro2",
 "quote",
 "syn",
]

[[package]]
name = "futures-sink"
version = "0.3.26"
source = "registry+https://github.com/rust-lang/crates.io-index"
checksum = "f310820bb3e8cfd46c80db4d7fb8353e15dfff853a127158425f31e0be6c8364"

[[package]]
name = "futures-task"
version = "0.3.26"
source = "registry+https://github.com/rust-lang/crates.io-index"
checksum = "dcf79a1bf610b10f42aea489289c5a2c478a786509693b80cd39c44ccd936366"

[[package]]
name = "futures-util"
version = "0.3.26"
source = "registry+https://github.com/rust-lang/crates.io-index"
checksum = "9c1d6de3acfef38d2be4b1f543f553131788603495be83da675e180c8d6b7bd1"
dependencies = [
 "futures-core",
 "futures-macro",
 "futures-sink",
 "futures-task",
 "pin-project-lite",
 "pin-utils",
]

[[package]]
name = "goblin"
version = "0.6.1"
source = "registry+https://github.com/rust-lang/crates.io-index"
checksum = "0d6b4de4a8eb6c46a8c77e1d3be942cb9a8bf073c22374578e5ba4b08ed0ff68"
dependencies = [
 "log",
 "plain",
 "scroll",
]

[[package]]
name = "kernel"
version = "0.1.0"
dependencies = [
 "atomic_refcell",
 "bootloader_api",
 "critical-section",
 "crossbeam",
 "framed",
 "futures",
 "log",
 "once_cell",
 "pc-keyboard",
 "singleton",
 "thiserror-core",
 "x64",
]

[[package]]
name = "linked_list_allocator"
version = "0.10.5"
source = "registry+https://github.com/rust-lang/crates.io-index"
checksum = "9afa463f5405ee81cdb9cc2baf37e08ec7e4c8209442b5d72c04cfb2cd6e6286"
dependencies = [
 "spinning_top",
]

[[package]]
name = "lock_api"
version = "0.4.9"
source = "registry+https://github.com/rust-lang/crates.io-index"
checksum = "435011366fe56583b16cf956f9df0095b405b82d76425bc8981c0e22e60ec4df"
dependencies = [
 "autocfg",
 "scopeguard",
]

[[package]]
name = "log"
version = "0.4.17"
source = "registry+https://github.com/rust-lang/crates.io-index"
checksum = "abb12e687cfb44aa40f41fc3978ef76448f9b6038cad6aef4259d3c095a2382e"
dependencies = [
 "cfg-if",
]

[[package]]
name = "memoffset"
version = "0.7.1"
source = "registry+https://github.com/rust-lang/crates.io-index"
checksum = "5de893c32cde5f383baa4c04c5d6dbdd735cfd4a794b0debdb2bb1b421da5ff4"
dependencies = [
 "autocfg",
]

[[package]]
name = "once_cell"
version = "1.17.0"
source = "registry+https://github.com/rust-lang/crates.io-index"
checksum = "6f61fba1741ea2b3d6a1e3178721804bb716a68a6aeba1149b5d52e3d464ea66"
dependencies = [
 "atomic-polyfill",
 "critical-section",
]

[[package]]
name = "pc-keyboard"
version = "0.5.1"
source = "registry+https://github.com/rust-lang/crates.io-index"
checksum = "5c6f2d937e3b8d63449b01401e2bae4041bc9dd1129c2e3e0d239407cf6635ac"

[[package]]
name = "pic8259"
version = "0.10.4"
source = "registry+https://github.com/rust-lang/crates.io-index"
checksum = "cb844b5b01db1e0b17938685738f113bfc903846f18932b378bc0eabfa40e194"
dependencies = [
 "x86_64",
]

[[package]]
name = "pin-project-lite"
version = "0.2.9"
source = "registry+https://github.com/rust-lang/crates.io-index"
checksum = "e0a7ae3ac2f1173085d398531c705756c94a4c56843785df85a60c1a0afac116"

[[package]]
name = "pin-utils"
version = "0.1.0"
source = "registry+https://github.com/rust-lang/crates.io-index"
checksum = "8b870d8c151b6f2fb93e84a13146138f05d02ed11c7e7c54f8826aaaf7c9f184"

[[package]]
name = "plain"
version = "0.2.3"
source = "registry+https://github.com/rust-lang/crates.io-index"
checksum = "b4596b6d070b27117e987119b4dac604f3c58cfb0b191112e24771b2faeac1a6"

[[package]]
name = "proc-macro2"
version = "1.0.51"
source = "registry+https://github.com/rust-lang/crates.io-index"
checksum = "5d727cae5b39d21da60fa540906919ad737832fe0b1c165da3a34d6548c849d6"
dependencies = [
 "unicode-ident",
]

[[package]]
name = "quote"
version = "1.0.23"
source = "registry+https://github.com/rust-lang/crates.io-index"
checksum = "8856d8364d252a14d474036ea1358d63c9e6965c8e5c1885c18f73d70bff9c7b"
dependencies = [
 "proc-macro2",
]

[[package]]
name = "rustversion"
version = "1.0.12"
source = "registry+https://github.com/rust-lang/crates.io-index"
checksum = "4f3208ce4d8448b3f3e7d168a73f5e0c43a61e32930de3bceeccedb388b6bf06"

[[package]]
name = "scopeguard"
version = "1.1.0"
source = "registry+https://github.com/rust-lang/crates.io-index"
checksum = "d29ab0c6d3fc0ee92fe66e2d99f700eab17a8d57d1c1d3b748380fb20baa78cd"

[[package]]
name = "scroll"
version = "0.11.0"
source = "registry+https://github.com/rust-lang/crates.io-index"
checksum = "04c565b551bafbef4157586fa379538366e4385d42082f255bfd96e4fe8519da"
dependencies = [
 "scroll_derive",
]

[[package]]
name = "scroll_derive"
version = "0.11.0"
source = "registry+https://github.com/rust-lang/crates.io-index"
checksum = "bdbda6ac5cd1321e724fa9cee216f3a61885889b896f073b8f82322789c5250e"
dependencies = [
 "proc-macro2",
 "quote",
 "syn",
]

[[package]]
name = "singleton"
version = "0.1.0"
dependencies = [
 "critical-section",
]

[[package]]
name = "spinning_top"
version = "0.2.5"
source = "registry+https://github.com/rust-lang/crates.io-index"
checksum = "5b9eb1a2f4c41445a3a0ff9abc5221c5fcd28e1f13cd7c0397706f9ac938ddb0"
dependencies = [
 "lock_api",
]

[[package]]
name = "syn"
version = "1.0.107"
source = "registry+https://github.com/rust-lang/crates.io-index"
checksum = "1f4064b5b16e03ae50984a5a8ed5d4f8803e6bc1fd170a3cda91a1be4b18e3f5"
dependencies = [
 "proc-macro2",
 "quote",
 "unicode-ident",
]

[[package]]
name = "thiserror-core"
version = "1.0.38"
source = "registry+https://github.com/rust-lang/crates.io-index"
checksum = "0d97345f6437bb2004cd58819d8a9ef8e36cdd7661c2abc4bbde0a7c40d9f497"
dependencies = [
 "thiserror-core-impl",
]

[[package]]
name = "thiserror-core-impl"
version = "1.0.38"
source = "registry+https://github.com/rust-lang/crates.io-index"
checksum = "10ac1c5050e43014d16b2f94d0d2ce79e65ffdd8b38d8048f9c8f6a8a6da62ac"
dependencies = [
 "proc-macro2",
 "quote",
 "syn",
]

[[package]]
name = "unicode-ident"
version = "1.0.6"
source = "registry+https://github.com/rust-lang/crates.io-index"
checksum = "84a22b9f218b40614adcb3f4ff08b703773ad44fa9423e4e0d346d5db86e4ebc"

[[package]]
name = "volatile"
version = "0.4.6"
source = "registry+https://github.com/rust-lang/crates.io-index"
checksum = "442887c63f2c839b346c192d047a7c87e73d0689c9157b00b53dcc27dd5ea793"

[[package]]
name = "x64"
version = "0.1.0"
dependencies = [
 "bitalloc",
 "bootloader_api",
 "critical-section",
 "goblin",
 "linked_list_allocator",
 "log",
 "once_cell",
 "pic8259",
 "singleton",
 "thiserror-core",
 "x86_64",
]

[[package]]
name = "x86_64"
version = "0.14.10"
source = "registry+https://github.com/rust-lang/crates.io-index"
checksum = "100555a863c0092238c2e0e814c1096c1e5cf066a309c696a87e907b5f8c5d69"
dependencies = [
 "bit_field",
 "bitflags",
 "rustversion",
 "volatile",
]
